
Microsoft Visual Studio Solution File, Format Version 12.00
# Visual Studio Version 17
VisualStudioVersion = 17.3.32901.215
MinimumVisualStudioVersion = 10.0.40219.1
Project("{FAE04EC0-301F-11D3-BF4B-00C04F79EFBC}") = "WpfApp1", "WpfApp1.csproj", "{9EE6B720-1594-4EB1-80BD-8AC3BB0621D3}"
EndProject
Global
	GlobalSection(SolutionConfigurationPlatforms) = preSolution
		Debug|Any CPU = Debug|Any CPU
		Release|Any CPU = Release|Any CPU
	EndGlobalSection
	GlobalSection(ProjectConfigurationPlatforms) = postSolution
		{9EE6B720-1594-4EB1-80BD-8AC3BB0621D3}.Debug|Any CPU.ActiveCfg = Debug|Any CPU
		{9EE6B720-1594-4EB1-80BD-8AC3BB0621D3}.Debug|Any CPU.Build.0 = Debug|Any CPU
		{9EE6B720-1594-4EB1-80BD-8AC3BB0621D3}.Release|Any CPU.ActiveCfg = Release|Any CPU
		{9EE6B720-1594-4EB1-80BD-8AC3BB0621D3}.Release|Any CPU.Build.0 = Release|Any CPU
	EndGlobalSection
	GlobalSection(SolutionProperties) = preSolution
		HideSolutionNode = FALSE
	EndGlobalSection
	GlobalSection(ExtensibilityGlobals) = postSolution
		SolutionGuid = {223EB110-D65A-440F-8458-E3E333A01117}
	EndGlobalSection
EndGlobal
